
Microsoft Visual Studio Solution File, Format Version 12.00
# Visual Studio Version 17
VisualStudioVersion = 17.3.32901.215
MinimumVisualStudioVersion = 10.0.40219.1
Project("{9A19103F-16F7-4668-BE54-9A1E7A4F7556}") = "RentAMovie", "RentAMovie\RentAMovie.csproj", "{5A641D82-ACA4-40DB-B38C-2CE04211C35F}"
EndProject
Project("{FAE04EC0-301F-11D3-BF4B-00C04F79EFBC}") = "RentAMovie.Test", "RentAMovie.Test\RentAMovie.Test.csproj", "{8EDB6AC5-68BB-4EF1-919A-87E154B5636E}"
EndProject
Global
	GlobalSection(SolutionConfigurationPlatforms) = preSolution
		Debug|Any CPU = Debug|Any CPU
		Release|Any CPU = Release|Any CPU
	EndGlobalSection
	GlobalSection(ProjectConfigurationPlatforms) = postSolution
		{5A641D82-ACA4-40DB-B38C-2CE04211C35F}.Debug|Any CPU.ActiveCfg = Debug|Any CPU
		{5A641D82-ACA4-40DB-B38C-2CE04211C35F}.Debug|Any CPU.Build.0 = Debug|Any CPU
		{5A641D82-ACA4-40DB-B38C-2CE04211C35F}.Release|Any CPU.ActiveCfg = Release|Any CPU
		{5A641D82-ACA4-40DB-B38C-2CE04211C35F}.Release|Any CPU.Build.0 = Release|Any CPU
		{8EDB6AC5-68BB-4EF1-919A-87E154B5636E}.Debug|Any CPU.ActiveCfg = Debug|Any CPU
		{8EDB6AC5-68BB-4EF1-919A-87E154B5636E}.Debug|Any CPU.Build.0 = Debug|Any CPU
		{8EDB6AC5-68BB-4EF1-919A-87E154B5636E}.Release|Any CPU.ActiveCfg = Release|Any CPU
		{8EDB6AC5-68BB-4EF1-919A-87E154B5636E}.Release|Any CPU.Build.0 = Release|Any CPU
	EndGlobalSection
	GlobalSection(SolutionProperties) = preSolution
		HideSolutionNode = FALSE
	EndGlobalSection
	GlobalSection(ExtensibilityGlobals) = postSolution
		SolutionGuid = {1745961D-B252-48C8-B659-81105500FCE0}
	EndGlobalSection
EndGlobal
